
Microsoft Visual Studio Solution File, Format Version 12.00
# Visual Studio Version 17
VisualStudioVersion = 17.9.34622.214
MinimumVisualStudioVersion = 10.0.40219.1
Project("{FAE04EC0-301F-11D3-BF4B-00C04F79EFBC}") = "App_rendu_LACHAUD_Ethan", "App_rendu_LACHAUD_Ethan\App_rendu_LACHAUD_Ethan.csproj", "{F319EBFA-10C3-4344-9D81-E0EC7972C25E}"
EndProject
Global
	GlobalSection(SolutionConfigurationPlatforms) = preSolution
		Debug|Any CPU = Debug|Any CPU
		Release|Any CPU = Release|Any CPU
	EndGlobalSection
	GlobalSection(ProjectConfigurationPlatforms) = postSolution
		{F319EBFA-10C3-4344-9D81-E0EC7972C25E}.Debug|Any CPU.ActiveCfg = Debug|Any CPU
		{F319EBFA-10C3-4344-9D81-E0EC7972C25E}.Debug|Any CPU.Build.0 = Debug|Any CPU
		{F319EBFA-10C3-4344-9D81-E0EC7972C25E}.Debug|Any CPU.Deploy.0 = Debug|Any CPU
		{F319EBFA-10C3-4344-9D81-E0EC7972C25E}.Release|Any CPU.ActiveCfg = Release|Any CPU
		{F319EBFA-10C3-4344-9D81-E0EC7972C25E}.Release|Any CPU.Build.0 = Release|Any CPU
		{F319EBFA-10C3-4344-9D81-E0EC7972C25E}.Release|Any CPU.Deploy.0 = Release|Any CPU
	EndGlobalSection
	GlobalSection(SolutionProperties) = preSolution
		HideSolutionNode = FALSE
	EndGlobalSection
	GlobalSection(ExtensibilityGlobals) = postSolution
		SolutionGuid = {C28206F2-11D3-4414-AB5F-A380E6CF77C5}
	EndGlobalSection
EndGlobal
